
Microsoft Visual Studio Solution File, Format Version 12.00
# Visual Studio 15
VisualStudioVersion = 15.0.28010.2046
MinimumVisualStudioVersion = 10.0.40219.1
Project("{9A19103F-16F7-4668-BE54-9A1E7A4F7556}") = "Project.Domain", "Data.Domain\Project.Domain.csproj", "{6716EF6C-5665-4AF3-831A-CAAA6E9C9563}"
EndProject
Project("{9A19103F-16F7-4668-BE54-9A1E7A4F7556}") = "Project.Infrastructure", "Project.Infrastructure\Project.Infrastructure.csproj", "{1E369413-D6BB-44CA-B7AC-ACC9936DD84F}"
EndProject
Project("{9A19103F-16F7-4668-BE54-9A1E7A4F7556}") = "Project.ConsoleApp", "Project.ConsoleApp\Project.ConsoleApp.csproj", "{CE1F2838-F9C5-4846-885E-551E9666DF47}"
EndProject
Global
	GlobalSection(SolutionConfigurationPlatforms) = preSolution
		Debug|Any CPU = Debug|Any CPU
		Release|Any CPU = Release|Any CPU
	EndGlobalSection
	GlobalSection(ProjectConfigurationPlatforms) = postSolution
		{6716EF6C-5665-4AF3-831A-CAAA6E9C9563}.Debug|Any CPU.ActiveCfg = Debug|Any CPU
		{6716EF6C-5665-4AF3-831A-CAAA6E9C9563}.Debug|Any CPU.Build.0 = Debug|Any CPU
		{6716EF6C-5665-4AF3-831A-CAAA6E9C9563}.Release|Any CPU.ActiveCfg = Release|Any CPU
		{6716EF6C-5665-4AF3-831A-CAAA6E9C9563}.Release|Any CPU.Build.0 = Release|Any CPU
		{1E369413-D6BB-44CA-B7AC-ACC9936DD84F}.Debug|Any CPU.ActiveCfg = Debug|Any CPU
		{1E369413-D6BB-44CA-B7AC-ACC9936DD84F}.Debug|Any CPU.Build.0 = Debug|Any CPU
		{1E369413-D6BB-44CA-B7AC-ACC9936DD84F}.Release|Any CPU.ActiveCfg = Release|Any CPU
		{1E369413-D6BB-44CA-B7AC-ACC9936DD84F}.Release|Any CPU.Build.0 = Release|Any CPU
		{CE1F2838-F9C5-4846-885E-551E9666DF47}.Debug|Any CPU.ActiveCfg = Debug|Any CPU
		{CE1F2838-F9C5-4846-885E-551E9666DF47}.Debug|Any CPU.Build.0 = Debug|Any CPU
		{CE1F2838-F9C5-4846-885E-551E9666DF47}.Release|Any CPU.ActiveCfg = Release|Any CPU
		{CE1F2838-F9C5-4846-885E-551E9666DF47}.Release|Any CPU.Build.0 = Release|Any CPU
	EndGlobalSection
	GlobalSection(SolutionProperties) = preSolution
		HideSolutionNode = FALSE
	EndGlobalSection
	GlobalSection(ExtensibilityGlobals) = postSolution
		SolutionGuid = {F8FFC56C-00AD-4ED8-80D2-8026F95D7179}
	EndGlobalSection
EndGlobal
